
Microsoft Visual Studio Solution File, Format Version 12.00
# Visual Studio Version 17
VisualStudioVersion = 17.7.34024.191
MinimumVisualStudioVersion = 10.0.40219.1
Project("{FAE04EC0-301F-11D3-BF4B-00C04F79EFBC}") = "SLAU", "SLAU.csproj", "{7F846C0E-74A9-40C6-88F2-EF11E0E27C8D}"
EndProject
Global
	GlobalSection(SolutionConfigurationPlatforms) = preSolution
		Debug|Any CPU = Debug|Any CPU
		Release|Any CPU = Release|Any CPU
	EndGlobalSection
	GlobalSection(ProjectConfigurationPlatforms) = postSolution
		{7F846C0E-74A9-40C6-88F2-EF11E0E27C8D}.Debug|Any CPU.ActiveCfg = Debug|Any CPU
		{7F846C0E-74A9-40C6-88F2-EF11E0E27C8D}.Debug|Any CPU.Build.0 = Debug|Any CPU
		{7F846C0E-74A9-40C6-88F2-EF11E0E27C8D}.Release|Any CPU.ActiveCfg = Release|Any CPU
		{7F846C0E-74A9-40C6-88F2-EF11E0E27C8D}.Release|Any CPU.Build.0 = Release|Any CPU
	EndGlobalSection
	GlobalSection(SolutionProperties) = preSolution
		HideSolutionNode = FALSE
	EndGlobalSection
	GlobalSection(ExtensibilityGlobals) = postSolution
		SolutionGuid = {AE225D08-432D-4960-9303-ECFE8E9847B5}
	EndGlobalSection
EndGlobal
